<Solution>
  <Project Path="Code-alongs/L001_Introduktion/L001_Introduktion.csproj" />
  <Project Path="Code-alongs/L002_Variabler/L002_Variabler.csproj" Id="3dfccc25-2944-4297-b811-d06651d866ce" />
  <Project Path="Code-alongs/L003_Operatorer/L003_Operatorer.csproj" Id="77515e10-b93b-4d49-a052-cd8e550068ce" />
  <Project Path="Code-alongs/L004_If-satser/L004_If-satser.csproj" Id="592e5cfe-ecb6-4887-8c16-e7de171fb587" />
  <Project Path="Code-alongs/L005_Loopar/L005_Loopar.csproj" Id="8d753c63-eac2-473e-b974-152def70302d" />
  <Project Path="Code-alongs/L006_Array/L006_Array.csproj" Id="9a00e265-0702-4555-ae8d-e5c579842e9f" />
  <Project Path="Code-alongs/L007_Strängar/L007_Strängar.csproj" Id="e5a9c4e5-94d5-4995-9ccb-a08ddd5fa5c7" />
  <Project Path="Code-alongs/L008_Funktioner/L008_Funktioner.csproj" Id="210e3187-e0e2-4906-952f-87b1ebc31bea" />
  <Project Path="Code-alongs/L009_String_och_Char-metoder/L009_String_och_Char-metoder.csproj" Id="b2be18b6-94e3-4a7c-9803-63416fd28a0a" />
  <Project Path="Code-alongs/L010_Math_Random/L010_Math_Random.csproj" Id="006aa193-f39b-4a21-9bd0-19d2cd9e2f2a" />
  <Project Path="Code-alongs/L011_Undantagshantering/L011_Undantagshantering.csproj" Id="8601ce0d-8efe-43d1-bf5e-6c16aa1c2529" />
  <Project Path="Code-alongs/L012_CharacterEncoding/L012_CharacterEncoding.csproj" Id="5fe5a5bb-6cb5-4f60-a09c-c3d74656aeb1" />
  <Project Path="Code-alongs/L013_Path_och_Directory/L013_Path_och_Directory.csproj" Id="9e74c88e-1e5e-483f-b448-c7f9da74d141" />
  <Project Path="Code-alongs/L014_StreamReader_&amp;_StreamWriter/L014_StreamReader_&amp;_StreamWriter.csproj" Id="b55f624d-cdae-4d53-8099-4c8c6f902fb7" />
  <Project Path="Code-alongs/L015_FileStream/L015_FileStream.csproj" Id="cc9239f1-fe40-4142-bc04-19d0b80ce5e9" />
  <Project Path="Code-alongs/L016_OOP_intro/L016_OOP_intro.csproj" Id="6150e417-7f0e-4e7c-81be-6f0334f1f019" />
  <Project Path="Code-alongs/L017_Main_method_entry_point/L017_Main_method_entry_point.csproj" Id="bd073bf7-9100-4cf2-ae87-042379d55eb9" />
  <Project Path="Code-alongs/L018_Namespaces/L018_Namespaces.csproj" Id="3015c9cf-b0e6-4620-92d6-27b03c19f5e5" />
  <Project Path="Code-alongs/L019_Konstruktor/L019_Konstruktor.csproj" Id="23d1bb49-2b31-40e6-bf9b-aedd1251115b" />
  <Project Path="Code-alongs/L020_Properties/L020_Properties.csproj" Id="b878f7ca-3d32-4414-8ef4-abe19a2a6ca0" />
  <Project Path="Code-alongs/L021_Pass_by_value_vs_Pass_by_reference/L021_Pass_by_value_vs_Pass_by_reference.csproj" Id="d94f58ad-3534-4277-b295-294529669a7d" />
  <Project Path="Code-alongs/L022_Struct_vs_Class/L022_Struct_vs_Class.csproj" />
  <Project Path="Code-alongs/L023_Arv_och_polymorfism/L023_Arv_och_polymorfism.csproj" Id="a2045087-fb7f-427d-ada8-f8b6a95e099b" />
  <Project Path="Code-alongs/L024_Constructor_chaining/L024_Constructor_chaining.csproj" Id="e33dffc1-916b-4824-b3a0-b1dfa9119797" />
  <Project Path="Code-alongs/L025_Pattern_matching/L025_Pattern_matching.csproj" Id="540306bc-3b8f-40c3-8c78-2085facc835f" />
  <Project Path="Code-alongs/L026_Generics/L026_Generics.csproj" Id="c245f5c6-c6ad-4b81-b170-3d58f5e57f7a" />
  <Project Path="Code-alongs/L027_List/L027_List.csproj" Id="1a04c3cb-fd02-493f-83d1-709bce93378b" />
  <Project Path="Code-alongs/L028_Dictionary/L028_Dictionary.csproj" Id="da115605-2320-4460-b768-f5df98ee89b2" />
  <Project Path="Code-alongs/L029_Delegates/L029_Delegates.csproj" Id="f1588454-313a-4182-825b-6944ae7fafd6" />
  <Project Path="Code-alongs/L030_Nullable_types/L030_Nullable_types.csproj" Id="c35e303f-fb52-4633-8d49-f2b0db9de6aa" />
  <Project Path="Code-alongs/L031_Events/L031_Events.csproj" Id="a1c189ff-f7c3-4071-96c5-4346183b77f9" />
  <Project Path="Code-alongs/L032_Lambda_expressions/L032_Lambda_expressions.csproj" Id="89af26fd-4195-49ac-9f55-fcae937de3b3" />
  <Project Path="Code-alongs/L033_Interface/L033_Interface.csproj" Id="94ae5637-4038-4833-a23f-a69f68ef8c96" />
  <Project Path="Code-alongs/L034_Extension_methods/L034_Extension_methods.csproj" Id="9a85f745-8f12-4af8-bbe4-0733da7b638a" />
  <Project Path="Code-alongs/L035_Anonymous_types/L035_Anonymous_types.csproj" Id="ba5347fb-f854-4b0f-8559-dd2a5b36a6e2" />
  <Project Path="Code-alongs/L036_LINQ/L036_LINQ.csproj" Id="60cc0b83-3f29-4142-bfbb-cf7735f59ac7" />
</Solution>
