<Solution>
  <Project Path="Code-alongs/L001_Introduktion/L001_Introduktion.csproj" />
  <Project Path="Code-alongs/L002_Variabler/L002_Variabler.csproj" Id="3dfccc25-2944-4297-b811-d06651d866ce" />
  <Project Path="Code-alongs/L003_Operatorer/L003_Operatorer.csproj" Id="77515e10-b93b-4d49-a052-cd8e550068ce" />
  <Project Path="Code-alongs/L004_If-satser/L004_If-satser.csproj" Id="592e5cfe-ecb6-4887-8c16-e7de171fb587" />
  <Project Path="Code-alongs/L005_Loopar/L005_Loopar.csproj" Id="8d753c63-eac2-473e-b974-152def70302d" />
  <Project Path="Code-alongs/L006_Array/L006_Array.csproj" Id="9a00e265-0702-4555-ae8d-e5c579842e9f" />
  <Project Path="Code-alongs/L007_Strängar/L007_Strängar.csproj" Id="e5a9c4e5-94d5-4995-9ccb-a08ddd5fa5c7" />
</Solution>
